github.com/ellanetworks/core/diameter v0.0.0-20260930171511-9bc75052f216 h1:gyj8YUkMykD3bR5neBSl6jD7xq35AtmegjXHBE2XlBI=
github.com/ellanetworks/core/diameter v0.0.0-20260930171511-9bc75052f216/go.mod h1:YchLpOwehhNz8s+hXPtmjT69Jw94otkpFUP4lDdM4wM=
github.com/ellanetworks/core/sctp v0.0.0-20260928204907-fc197c42dc3f h1:467mMwOqgbeKZQPV/Jztg1RJFofLhJ5NqJGzT96SUrM=
github.com/ellanetworks/core/sctp v0.0.0-20260928204907-fc197c42dc3f/go.mod h1:qttv0gHtCuOunPG/VvNgd4p4RTzj3Q5Gh7g4Rd14MYw=
github.com/mattn/go-sqlite3 v1.14.42 h1:MigqEP4ZmHw3aIdIT7T+9TLa90Z6smwcthx+Azv4Cgo=
github.com/mattn/go-sqlite3 v1.14.42/go.mod h1:pjEuOr8IwzLJP2MfGeTb0A35jauH+C2kbHKBr7yXKVQ=
gopkg.in/check.v1 v0.0.0-20161208181325-20d25e280405 h1:yhCVgyC4o1eVCa2tZl7eS0r+SDo693bJlVdllGtEeKM=
gopkg.in/check.v1 v0.0.0-20161208181325-20d25e280405/go.mod h1:Co6ibVJAznAaIkqp8huTwlJQCZ016jof/cbN4VW5Yz0=
gopkg.in/yaml.v3 v3.0.1 h1:fxVm/GzAzEWqLHuvctI91KS9hhNmmWOoWu0XTYJS7CA=
gopkg.in/yaml.v3 v3.0.1/go.mod h1:K4uyk7z7BCEPqu6E+C64Yfv1cQ7kz7rIZviUmN+EgEM=
